{
    "_readme": [
        "This file locks the dependencies of your project to a known state",
        "Read more about it at https://getcomposer.org/doc/01-basic-usage.md#installing-dependencies",
        "This file is @generated automatically"
    ],
    "content-hash": "084d37c23370505ee0ab80d4fdc3e3a3",
    "packages": [
        {
            "name": "themehybrid/hybrid-contracts",
            "version": "1.0.0",
            "source": {
                "type": "git",
                "url": "https://github.com/themehybrid/hybrid-contracts.git",
                "reference": "71cc43a0f00052449b62041ee308a5db9b3e4079"
            },
            "dist": {
                "type": "zip",
                "url": "https://api.github.com/repos/themehybrid/hybrid-contracts/zipball/71cc43a0f00052449b62041ee308a5db9b3e4079",
                "reference": "71cc43a0f00052449b62041ee308a5db9b3e4079",
                "shasum": ""
            },
            "require": {
                "php": ">=5.6"
            },
            "type": "library",
            "autoload": {
                "psr-4": {
                    "Hybrid\\Contracts\\": "src/"
                }
            },
            "notification-url": "https://packagist.org/downloads/",
            "license": [
                "GPL-2.0-or-later"
            ],
            "authors": [
                {
                    "name": "Justin Tadlock",
                    "email": "justintadlock@gmail.com",
                    "homepage": "http://justintadlock.com",
                    "role": "Developer"
                }
            ],
            "description": "Contracts for the Hybrid Core framework.",
            "homepage": "https://github.com/themehybrid/hybrid-contracts",
            "keywords": [
                "wordpress"
            ],
            "support": {
                "forum": "https://themehybrid.com/board/forums/hybrid-core",
                "issues": "https://github.com/themehybrid/hybrid-contracts/issues",
                "source": "https://github.com/themehybrid/hybrid-contracts/tree/1.0.0"
            },
            "time": "2021-07-31T19:23:47+00:00"
        },
        {
            "name": "themehybrid/hybrid-core",
            "version": "6.0.1",
            "source": {
                "type": "git",
                "url": "https://github.com/themehybrid/hybrid-core.git",
                "reference": "7b7fae483f9cf42cbffae7a54639971466462ced"
            },
            "dist": {
                "type": "zip",
                "url": "https://api.github.com/repos/themehybrid/hybrid-core/zipball/7b7fae483f9cf42cbffae7a54639971466462ced",
                "reference": "7b7fae483f9cf42cbffae7a54639971466462ced",
                "shasum": ""
            },
            "require": {
                "php": ">=7.0",
                "themehybrid/hybrid-contracts": "^1.0"
            },
            "type": "library",
            "autoload": {
                "files": [
                    "src/functions-helpers.php"
                ],
                "psr-4": {
                    "Hybrid\\": "src/"
                }
            },
            "notification-url": "https://packagist.org/downloads/",
            "license": [
                "GPL-2.0-or-later"
            ],
            "authors": [
                {
                    "name": "Theme Hybrid",
                    "email": "themehybrid@gmail.com",
                    "homepage": "https://themehybrid.com",
                    "role": "Developer"
                }
            ],
            "description": "Hybrid Core: A framework for developing modern WordPress plugins and themes.",
            "homepage": "https://themehybrid.com/hybrid-core",
            "keywords": [
                "wordpress"
            ],
            "support": {
                "forum": "https://themehybrid.com/board/forums/hybrid-core",
                "issues": "https://github.com/themehybrid/hybrid-core/issues",
                "source": "https://github.com/themehybrid/hybrid-core/tree/6.0.1"
            },
            "time": "2022-06-27T14:16:40+00:00"
        }
    ],
    "packages-dev": [],
    "aliases": [],
    "minimum-stability": "stable",
    "stability-flags": [],
    "prefer-stable": false,
    "prefer-lowest": false,
    "platform": {
        "php": ">=8.0"
    },
    "platform-dev": [],
    "plugin-api-version": "2.2.0"
}
